
Microsoft Visual Studio Solution File, Format Version 12.00
# Visual Studio Version 16
VisualStudioVersion = 16.0.30011.22
MinimumVisualStudioVersion = 10.0.40219.1
Project("{FAE04EC0-301F-11D3-BF4B-00C04F79EFBC}") = "Defect Detection", "Defect Detection\Defect Detection.csproj", "{690CC089-77BA-4921-9E34-6E8F40E5A8C3}"
EndProject
Global
	GlobalSection(SolutionConfigurationPlatforms) = preSolution
		Debug|Any CPU = Debug|Any CPU
		Release|Any CPU = Release|Any CPU
	EndGlobalSection
	GlobalSection(ProjectConfigurationPlatforms) = postSolution
		{690CC089-77BA-4921-9E34-6E8F40E5A8C3}.Debug|Any CPU.ActiveCfg = Debug|Any CPU
		{690CC089-77BA-4921-9E34-6E8F40E5A8C3}.Debug|Any CPU.Build.0 = Debug|Any CPU
		{690CC089-77BA-4921-9E34-6E8F40E5A8C3}.Release|Any CPU.ActiveCfg = Release|Any CPU
		{690CC089-77BA-4921-9E34-6E8F40E5A8C3}.Release|Any CPU.Build.0 = Release|Any CPU
	EndGlobalSection
	GlobalSection(SolutionProperties) = preSolution
		HideSolutionNode = FALSE
	EndGlobalSection
	GlobalSection(ExtensibilityGlobals) = postSolution
		SolutionGuid = {89E08AD3-37AF-4469-A3B0-DD04690F46F2}
	EndGlobalSection
EndGlobal
